
Microsoft Visual Studio Solution File, Format Version 12.00
# Visual Studio Version 16
VisualStudioVersion = 16.0.31624.102
MinimumVisualStudioVersion = 10.0.40219.1
Project("{9A19103F-16F7-4668-BE54-9A1E7A4F7556}") = "hw5project2", "hw5project2\hw5project2.csproj", "{B8B72B2E-F715-4FCC-82C6-DF4FB50F7064}"
EndProject
Project("{FAE04EC0-301F-11D3-BF4B-00C04F79EFBC}") = "Lab1", "Lab1\Lab1.csproj", "{842C5A08-EED5-4ABE-AD08-0F3BD96B563D}"
EndProject
Project("{FAE04EC0-301F-11D3-BF4B-00C04F79EFBC}") = "hw5project1", "hw5project1\hw5project1.csproj", "{2938DA1F-284D-4F2D-984F-0AA7EDB5603C}"
EndProject
Global
	GlobalSection(SolutionConfigurationPlatforms) = preSolution
		Debug|Any CPU = Debug|Any CPU
		Release|Any CPU = Release|Any CPU
	EndGlobalSection
	GlobalSection(ProjectConfigurationPlatforms) = postSolution
		{B8B72B2E-F715-4FCC-82C6-DF4FB50F7064}.Debug|Any CPU.ActiveCfg = Debug|Any CPU
		{B8B72B2E-F715-4FCC-82C6-DF4FB50F7064}.Debug|Any CPU.Build.0 = Debug|Any CPU
		{B8B72B2E-F715-4FCC-82C6-DF4FB50F7064}.Release|Any CPU.ActiveCfg = Release|Any CPU
		{B8B72B2E-F715-4FCC-82C6-DF4FB50F7064}.Release|Any CPU.Build.0 = Release|Any CPU
		{842C5A08-EED5-4ABE-AD08-0F3BD96B563D}.Debug|Any CPU.ActiveCfg = Debug|Any CPU
		{842C5A08-EED5-4ABE-AD08-0F3BD96B563D}.Debug|Any CPU.Build.0 = Debug|Any CPU
		{842C5A08-EED5-4ABE-AD08-0F3BD96B563D}.Release|Any CPU.ActiveCfg = Release|Any CPU
		{842C5A08-EED5-4ABE-AD08-0F3BD96B563D}.Release|Any CPU.Build.0 = Release|Any CPU
		{2938DA1F-284D-4F2D-984F-0AA7EDB5603C}.Debug|Any CPU.ActiveCfg = Debug|Any CPU
		{2938DA1F-284D-4F2D-984F-0AA7EDB5603C}.Debug|Any CPU.Build.0 = Debug|Any CPU
		{2938DA1F-284D-4F2D-984F-0AA7EDB5603C}.Release|Any CPU.ActiveCfg = Release|Any CPU
		{2938DA1F-284D-4F2D-984F-0AA7EDB5603C}.Release|Any CPU.Build.0 = Release|Any CPU
	EndGlobalSection
	GlobalSection(SolutionProperties) = preSolution
		HideSolutionNode = FALSE
	EndGlobalSection
	GlobalSection(ExtensibilityGlobals) = postSolution
		SolutionGuid = {020ED0EF-0651-496C-8609-BADB9083F822}
	EndGlobalSection
EndGlobal
